
Microsoft Visual Studio Solution File, Format Version 12.00
# Visual Studio Version 17
VisualStudioVersion = 17.14.36414.22 d17.14
MinimumVisualStudioVersion = 10.0.40219.1
Project("{FAE04EC0-301F-11D3-BF4B-00C04F79EFBC}") = "15.uygulama", "15.uygulama.csproj", "{EC26E7D1-9D60-4D12-ABE4-D9C321D747F3}"
EndProject
Global
	GlobalSection(SolutionConfigurationPlatforms) = preSolution
		Debug|Any CPU = Debug|Any CPU
		Release|Any CPU = Release|Any CPU
	EndGlobalSection
	GlobalSection(ProjectConfigurationPlatforms) = postSolution
		{EC26E7D1-9D60-4D12-ABE4-D9C321D747F3}.Debug|Any CPU.ActiveCfg = Debug|Any CPU
		{EC26E7D1-9D60-4D12-ABE4-D9C321D747F3}.Debug|Any CPU.Build.0 = Debug|Any CPU
		{EC26E7D1-9D60-4D12-ABE4-D9C321D747F3}.Release|Any CPU.ActiveCfg = Release|Any CPU
		{EC26E7D1-9D60-4D12-ABE4-D9C321D747F3}.Release|Any CPU.Build.0 = Release|Any CPU
	EndGlobalSection
	GlobalSection(SolutionProperties) = preSolution
		HideSolutionNode = FALSE
	EndGlobalSection
	GlobalSection(ExtensibilityGlobals) = postSolution
		SolutionGuid = {C7311AE8-38F1-41C5-8139-6038EDC75FFC}
	EndGlobalSection
EndGlobal
