
Microsoft Visual Studio Solution File, Format Version 12.00
# Visual Studio Version 17
VisualStudioVersion = 17.14.36414.22 d17.14
MinimumVisualStudioVersion = 10.0.40219.1
Project("{FAE04EC0-301F-11D3-BF4B-00C04F79EFBC}") = "FORM 4", "FORM 4.csproj", "{9018C4E4-E85C-40C4-BA05-B8B02597C2C9}"
EndProject
Global
	GlobalSection(SolutionConfigurationPlatforms) = preSolution
		Debug|Any CPU = Debug|Any CPU
		Release|Any CPU = Release|Any CPU
	EndGlobalSection
	GlobalSection(ProjectConfigurationPlatforms) = postSolution
		{9018C4E4-E85C-40C4-BA05-B8B02597C2C9}.Debug|Any CPU.ActiveCfg = Debug|Any CPU
		{9018C4E4-E85C-40C4-BA05-B8B02597C2C9}.Debug|Any CPU.Build.0 = Debug|Any CPU
		{9018C4E4-E85C-40C4-BA05-B8B02597C2C9}.Release|Any CPU.ActiveCfg = Release|Any CPU
		{9018C4E4-E85C-40C4-BA05-B8B02597C2C9}.Release|Any CPU.Build.0 = Release|Any CPU
	EndGlobalSection
	GlobalSection(SolutionProperties) = preSolution
		HideSolutionNode = FALSE
	EndGlobalSection
	GlobalSection(ExtensibilityGlobals) = postSolution
		SolutionGuid = {6033C6A0-0F05-4434-9522-53BACA128F7B}
	EndGlobalSection
EndGlobal
